
Microsoft Visual Studio Solution File, Format Version 12.00
# Visual Studio Version 17
VisualStudioVersion = 17.8.34408.163
MinimumVisualStudioVersion = 10.0.40219.1
Project("{9A19103F-16F7-4668-BE54-9A1E7A4F7556}") = "ARCerp", "ARCerp\ARCerp.csproj", "{DAC7E6CB-5DC9-46FD-985E-BFB1FF1236FD}"
EndProject
Global
	GlobalSection(SolutionConfigurationPlatforms) = preSolution
		Debug|Any CPU = Debug|Any CPU
		Release|Any CPU = Release|Any CPU
	EndGlobalSection
	GlobalSection(ProjectConfigurationPlatforms) = postSolution
		{DAC7E6CB-5DC9-46FD-985E-BFB1FF1236FD}.Debug|Any CPU.ActiveCfg = Debug|Any CPU
		{DAC7E6CB-5DC9-46FD-985E-BFB1FF1236FD}.Debug|Any CPU.Build.0 = Debug|Any CPU
		{DAC7E6CB-5DC9-46FD-985E-BFB1FF1236FD}.Release|Any CPU.ActiveCfg = Release|Any CPU
		{DAC7E6CB-5DC9-46FD-985E-BFB1FF1236FD}.Release|Any CPU.Build.0 = Release|Any CPU
	EndGlobalSection
	GlobalSection(SolutionProperties) = preSolution
		HideSolutionNode = FALSE
	EndGlobalSection
	GlobalSection(ExtensibilityGlobals) = postSolution
		SolutionGuid = {1094FC0F-38B7-43AE-8A32-CB62A6DE5DD3}
	EndGlobalSection
EndGlobal
